
Microsoft Visual Studio Solution File, Format Version 12.00
# Visual Studio Version 17
VisualStudioVersion = 17.9.34310.174
MinimumVisualStudioVersion = 10.0.40219.1
Project("{FAE04EC0-301F-11D3-BF4B-00C04F79EFBC}") = "VirtualDars.Demo.DesignPatterns.State", "VirtualDars.Demo.DesignPatterns.State\VirtualDars.Demo.DesignPatterns.State.csproj", "{50BA31F6-9633-450F-A828-179E7F919831}"
EndProject
Global
	GlobalSection(SolutionConfigurationPlatforms) = preSolution
		Debug|Any CPU = Debug|Any CPU
		Release|Any CPU = Release|Any CPU
	EndGlobalSection
	GlobalSection(ProjectConfigurationPlatforms) = postSolution
		{50BA31F6-9633-450F-A828-179E7F919831}.Debug|Any CPU.ActiveCfg = Debug|Any CPU
		{50BA31F6-9633-450F-A828-179E7F919831}.Debug|Any CPU.Build.0 = Debug|Any CPU
		{50BA31F6-9633-450F-A828-179E7F919831}.Release|Any CPU.ActiveCfg = Release|Any CPU
		{50BA31F6-9633-450F-A828-179E7F919831}.Release|Any CPU.Build.0 = Release|Any CPU
	EndGlobalSection
	GlobalSection(SolutionProperties) = preSolution
		HideSolutionNode = FALSE
	EndGlobalSection
	GlobalSection(ExtensibilityGlobals) = postSolution
		SolutionGuid = {AB68B80E-987C-4A6F-95B8-26A141BC709D}
	EndGlobalSection
EndGlobal
